<Solution>
  <Configurations>
    <Platform Name="Any CPU" />
    <Platform Name="x64" />
    <Platform Name="x86" />
  </Configurations>
  <Project Path="gflat/gflat.csproj" />
  <Project Path="gflat.Compiler/gflat.Compiler.csproj" />
  <Project Path="gflat.LanguageServer.Tests/gflat.LanguageServer.Tests.csproj" />
  <Project Path="gflat.LanguageServer/gflat.LanguageServer.csproj" />
  <Project Path="gflat.Tests/gflat.Tests.csproj" />
</Solution>
